
Microsoft Visual Studio Solution File, Format Version 12.00
# Visual Studio Version 16
VisualStudioVersion = 16.0.31424.327
MinimumVisualStudioVersion = 10.0.40219.1
Project("{FAE04EC0-301F-11D3-BF4B-00C04F79EFBC}") = "AddressBook_ADO", "AddressBook_ADO.csproj", "{BF50C035-BDD9-496B-B405-CF86D8BD793B}"
EndProject
Global
	GlobalSection(SolutionConfigurationPlatforms) = preSolution
		Debug|Any CPU = Debug|Any CPU
		Release|Any CPU = Release|Any CPU
	EndGlobalSection
	GlobalSection(ProjectConfigurationPlatforms) = postSolution
		{BF50C035-BDD9-496B-B405-CF86D8BD793B}.Debug|Any CPU.ActiveCfg = Debug|Any CPU
		{BF50C035-BDD9-496B-B405-CF86D8BD793B}.Debug|Any CPU.Build.0 = Debug|Any CPU
		{BF50C035-BDD9-496B-B405-CF86D8BD793B}.Release|Any CPU.ActiveCfg = Release|Any CPU
		{BF50C035-BDD9-496B-B405-CF86D8BD793B}.Release|Any CPU.Build.0 = Release|Any CPU
	EndGlobalSection
	GlobalSection(SolutionProperties) = preSolution
		HideSolutionNode = FALSE
	EndGlobalSection
	GlobalSection(ExtensibilityGlobals) = postSolution
		SolutionGuid = {54F37D13-5252-40A2-AA2C-4389028A466D}
	EndGlobalSection
EndGlobal
